
Microsoft Visual Studio Solution File, Format Version 12.00
# Visual Studio 2013
VisualStudioVersion = 12.0.40629.0
MinimumVisualStudioVersion = 10.0.40219.1
Project("{FAE04EC0-301F-11D3-BF4B-00C04F79EFBC}") = "CheckoutKata9v2", "CheckoutKata9v2\CheckoutKata9v2.csproj", "{11BE90D3-23C2-4828-911A-87CE91C5F698}"
EndProject
Project("{FAE04EC0-301F-11D3-BF4B-00C04F79EFBC}") = "CheckoutKata9v2Tests", "CheckoutKata9v2Tests\CheckoutKata9v2Tests.csproj", "{357E545B-9727-4214-9ADF-2C0B1DFBF302}"
EndProject
Global
	GlobalSection(SolutionConfigurationPlatforms) = preSolution
		Debug|Any CPU = Debug|Any CPU
		Release|Any CPU = Release|Any CPU
	EndGlobalSection
	GlobalSection(ProjectConfigurationPlatforms) = postSolution
		{11BE90D3-23C2-4828-911A-87CE91C5F698}.Debug|Any CPU.ActiveCfg = Debug|Any CPU
		{11BE90D3-23C2-4828-911A-87CE91C5F698}.Debug|Any CPU.Build.0 = Debug|Any CPU
		{11BE90D3-23C2-4828-911A-87CE91C5F698}.Release|Any CPU.ActiveCfg = Release|Any CPU
		{11BE90D3-23C2-4828-911A-87CE91C5F698}.Release|Any CPU.Build.0 = Release|Any CPU
		{357E545B-9727-4214-9ADF-2C0B1DFBF302}.Debug|Any CPU.ActiveCfg = Debug|Any CPU
		{357E545B-9727-4214-9ADF-2C0B1DFBF302}.Debug|Any CPU.Build.0 = Debug|Any CPU
		{357E545B-9727-4214-9ADF-2C0B1DFBF302}.Release|Any CPU.ActiveCfg = Release|Any CPU
		{357E545B-9727-4214-9ADF-2C0B1DFBF302}.Release|Any CPU.Build.0 = Release|Any CPU
	EndGlobalSection
	GlobalSection(SolutionProperties) = preSolution
		HideSolutionNode = FALSE
	EndGlobalSection
EndGlobal
